// !$*UTF8*$!
{
	archiveVersion = 1;
	classes = {
	};
	objectVersion = 77;
	objects = {

/* Begin PBXContainerItemProxy section */
		35C4C67E2F330949000AA255 /* PBXContainerItemProxy */ = {
			isa = PBXContainerItemProxy;
			containerPortal = 35C4C6682F330948000AA255 /* Project object */;
			proxyType = 1;
			remoteGlobalIDString = 35C4C66F2F330948000AA255;
			remoteInfo = "crosskit-example-ios";
		};
		35C4C6882F330949000AA255 /* PBXContainerItemProxy */ = {
			isa = PBXContainerItemProxy;
			containerPortal = 35C4C6682F330948000AA255 /* Project object */;
			proxyType = 1;
			remoteGlobalIDString = 35C4C66F2F330948000AA255;
			remoteInfo = "crosskit-example-ios";
		};
/* End PBXContainerItemProxy section */

/* Begin PBXBuildFile section */
		F1DE35328C7946F6BC032850 /* CrossKitShared in Frameworks */ = {isa = PBXBuildFile; productRef = 096B069ED51F453DB4437D21 /* CrossKitShared */; };
/* End PBXBuildFile section */

/* Begin PBXFileReference section */
		35C4C6702F330948000AA255 /* crosskit-example-ios.app */ = {isa = PBXFileReference; explicitFileType = wrapper.application; includeInIndex = 0; path = "crosskit-example-ios.app"; sourceTree = BUILT_PRODUCTS_DIR; };
		35C4C67D2F330949000AA255 /* crosskit-example-iosTests.xctest */ = {isa = PBXFileReference; explicitFileType = wrapper.cfbundle; includeInIndex = 0; path = "crosskit-example-iosTests.xctest"; sourceTree = BUILT_PRODUCTS_DIR; };
		35C4C6872F330949000AA255 /* crosskit-example-iosUITests.xctest */ = {isa = PBXFileReference; explicitFileType = wrapper.cfbundle; includeInIndex = 0; path = "crosskit-example-iosUITests.xctest"; sourceTree = BUILT_PRODUCTS_DIR; };
		35C4C6C32F3412D8000AA255 /* project.xcworkspace */ = {isa = PBXFileReference; lastKnownFileType = wrapper.workspace; name = project.xcworkspace; path = "crosskit-example-ios.xcodeproj/project.xcworkspace"; sourceTree = "<group>"; };
/* End PBXFileReference section */

/* Begin PBXFileSystemSynchronizedRootGroup section */
		35C4C6722F330948000AA255 /* crosskit-example-ios */ = {
			isa = PBXFileSystemSynchronizedRootGroup;
			path = "crosskit-example-ios";
			sourceTree = "<group>";
		};
		35C4C6802F330949000AA255 /* crosskit-example-iosTests */ = {
			isa = PBXFileSystemSynchronizedRootGroup;
			path = "crosskit-example-iosTests";
			sourceTree = "<group>";
		};
		35C4C68A2F330949000AA255 /* crosskit-example-iosUITests */ = {
			isa = PBXFileSystemSynchronizedRootGroup;
			path = "crosskit-example-iosUITests";
			sourceTree = "<group>";
		};
/* End PBXFileSystemSynchronizedRootGroup section */

/* Begin PBXFrameworksBuildPhase section */
		35C4C66D2F330948000AA255 /* Frameworks */ = {
			isa = PBXFrameworksBuildPhase;
			buildActionMask = 2147483647;
			files = (
				F1DE35328C7946F6BC032850 /* CrossKitShared in Frameworks */,
			);
			runOnlyForDeploymentPostprocessing = 0;
		};
		35C4C67A2F330949000AA255 /* Frameworks */ = {
			isa = PBXFrameworksBuildPhase;
			buildActionMask = 2147483647;
			files = (
			);
			runOnlyForDeploymentPostprocessing = 0;
		};
		35C4C6842F330949000AA255 /* Frameworks */ = {
			isa = PBXFrameworksBuildPhase;
			buildActionMask = 2147483647;
			files = (
			);
			runOnlyForDeploymentPostprocessing = 0;
		};
/* End PBXFrameworksBuildPhase section */

/* Begin PBXGroup section */
		35C4C6672F330948000AA255 = {
			isa = PBXGroup;
			children = (
				35C4C6722F330948000AA255 /* crosskit-example-ios */,
				35C4C6802F330949000AA255 /* crosskit-example-iosTests */,
				35C4C68A2F330949000AA255 /* crosskit-example-iosUITests */,
				35C4C6C22F3412D8000AA255 /* Frameworks */,
				35C4C6712F330948000AA255 /* Products */,
			);
			sourceTree = "<group>";
		};
		35C4C6712F330948000AA255 /* Products */ = {
			isa = PBXGroup;
			children = (
				35C4C6702F330948000AA255 /* crosskit-example-ios.app */,
				35C4C67D2F330949000AA255 /* crosskit-example-iosTests.xctest */,
				35C4C6872F330949000AA255 /* crosskit-example-iosUITests.xctest */,
			);
			name = Products;
			sourceTree = "<group>";
		};
		35C4C6C22F3412D8000AA255 /* Frameworks */ = {
			isa = PBXGroup;
			children = (
				35C4C6C32F3412D8000AA255 /* project.xcworkspace */,
			);
			name = Frameworks;
			sourceTree = "<group>";
		};
/* End PBXGroup section */

/* Begin PBXNativeTarget section */
		35C4C66F2F330948000AA255 /* crosskit-example-ios */ = {
			isa = PBXNativeTarget;
			buildConfigurationList = 35C4C6912F330949000AA255 /* Build configuration list for PBXNativeTarget "crosskit-example-ios" */;
			buildPhases = (
				35C4C66C2F330948000AA255 /* Sources */,
				35C4C66D2F330948000AA255 /* Frameworks */,
				35C4C66E2F330948000AA255 /* Resources */,
			);
			buildRules = (
			);
			dependencies = (
			);
			fileSystemSynchronizedGroups = (
				35C4C6722F330948000AA255 /* crosskit-example-ios */,
			);
			name = "crosskit-example-ios";
			packageProductDependencies = (
				096B069ED51F453DB4437D21 /* CrossKitShared */,
			);
			productName = "crosskit-example-ios";
			productReference = 35C4C6702F330948000AA255 /* crosskit-example-ios.app */;
			productType = "com.apple.product-type.application";
		};
		35C4C67C2F330949000AA255 /* crosskit-example-iosTests */ = {
			isa = PBXNativeTarget;
			buildConfigurationList = 35C4C6942F330949000AA255 /* Build configuration list for PBXNativeTarget "crosskit-example-iosTests" */;
			buildPhases = (
				35C4C6792F330949000AA255 /* Sources */,
				35C4C67A2F330949000AA255 /* Frameworks */,
				35C4C67B2F330949000AA255 /* Resources */,
			);
			buildRules = (
			);
			dependencies = (
				35C4C67F2F330949000AA255 /* PBXTargetDependency */,
			);
			fileSystemSynchronizedGroups = (
				35C4C6802F330949000AA255 /* crosskit-example-iosTests */,
			);
			name = "crosskit-example-iosTests";
			packageProductDependencies = (
			);
			productName = "crosskit-example-iosTests";
			productReference = 35C4C67D2F330949000AA255 /* crosskit-example-iosTests.xctest */;
			productType = "com.apple.product-type.bundle.unit-test";
		};
		35C4C6862F330949000AA255 /* crosskit-example-iosUITests */ = {
			isa = PBXNativeTarget;
			buildConfigurationList = 35C4C6972F330949000AA255 /* Build configuration list for PBXNativeTarget "crosskit-example-iosUITests" */;
			buildPhases = (
				35C4C6832F330949000AA255 /* Sources */,
				35C4C6842F330949000AA255 /* Frameworks */,
				35C4C6852F330949000AA255 /* Resources */,
			);
			buildRules = (
			);
			dependencies = (
				35C4C6892F330949000AA255 /* PBXTargetDependency */,
			);
			fileSystemSynchronizedGroups = (
				35C4C68A2F330949000AA255 /* crosskit-example-iosUITests */,
			);
			name = "crosskit-example-iosUITests";
			packageProductDependencies = (
			);
			productName = "crosskit-example-iosUITests";
			productReference = 35C4C6872F330949000AA255 /* crosskit-example-iosUITests.xctest */;
			productType = "com.apple.product-type.bundle.ui-testing";
		};
/* End PBXNativeTarget section */

/* Begin PBXProject section */
		35C4C6682F330948000AA255 /* Project object */ = {
			isa = PBXProject;
			attributes = {
				BuildIndependentTargetsInParallel = 1;
				LastSwiftUpdateCheck = 2600;
				LastUpgradeCheck = 2600;
				TargetAttributes = {
					35C4C66F2F330948000AA255 = {
						CreatedOnToolsVersion = 26.0.1;
					};
					35C4C67C2F330949000AA255 = {
						CreatedOnToolsVersion = 26.0.1;
						TestTargetID = 35C4C66F2F330948000AA255;
					};
					35C4C6862F330949000AA255 = {
						CreatedOnToolsVersion = 26.0.1;
						TestTargetID = 35C4C66F2F330948000AA255;
					};
				};
			};
			buildConfigurationList = 35C4C66B2F330948000AA255 /* Build configuration list for PBXProject "crosskit-example-ios" */;
			developmentRegion = en;
			hasScannedForEncodings = 0;
			knownRegions = (
				en,
				Base,
			);
			mainGroup = 35C4C6672F330948000AA255;
			minimizedProjectReferenceProxies = 1;
			packageReferences = (
				A6B4DAA0E99841429994D542 /* XCLocalSwiftPackageReference "../shared/dist/CrossKitShared" */,
			);
			preferredProjectObjectVersion = 77;
			productRefGroup = 35C4C6712F330948000AA255 /* Products */;
			projectDirPath = "";
			projectRoot = "";
			targets = (
				35C4C66F2F330948000AA255 /* crosskit-example-ios */,
				35C4C67C2F330949000AA255 /* crosskit-example-iosTests */,
				35C4C6862F330949000AA255 /* crosskit-example-iosUITests */,
			);
		};
/* End PBXProject section */

/* Begin PBXResourcesBuildPhase section */
		35C4C66E2F330948000AA255 /* Resources */ = {
			isa = PBXResourcesBuildPhase;
			buildActionMask = 2147483647;
			files = (
			);
			runOnlyForDeploymentPostprocessing = 0;
		};
		35C4C67B2F330949000AA255 /* Resources */ = {
			isa = PBXResourcesBuildPhase;
			buildActionMask = 2147483647;
			files = (
			);
			runOnlyForDeploymentPostprocessing = 0;
		};
		35C4C6852F330949000AA255 /* Resources */ = {
			isa = PBXResourcesBuildPhase;
			buildActionMask = 2147483647;
			files = (
			);
			runOnlyForDeploymentPostprocessing = 0;
		};
/* End PBXResourcesBuildPhase section */

/* Begin PBXSourcesBuildPhase section */
		35C4C66C2F330948000AA255 /* Sources */ = {
			isa = PBXSourcesBuildPhase;
			buildActionMask = 2147483647;
			files = (
			);
			runOnlyForDeploymentPostprocessing = 0;
		};
		35C4C6792F330949000AA255 /* Sources */ = {
			isa = PBXSourcesBuildPhase;
			buildActionMask = 2147483647;
			files = (
			);
			runOnlyForDeploymentPostprocessing = 0;
		};
		35C4C6832F330949000AA255 /* Sources */ = {
			isa = PBXSourcesBuildPhase;
			buildActionMask = 2147483647;
			files = (
			);
			runOnlyForDeploymentPostprocessing = 0;
		};
/* End PBXSourcesBuildPhase section */

/* Begin PBXTargetDependency section */
		35C4C67F2F330949000AA255 /* PBXTargetDependency */ = {
			isa = PBXTargetDependency;
			target = 35C4C66F2F330948000AA255 /* crosskit-example-ios */;
			targetProxy = 35C4C67E2F330949000AA255 /* PBXContainerItemProxy */;
		};
		35C4C6892F330949000AA255 /* PBXTargetDependency */ = {
			isa = PBXTargetDependency;
			target = 35C4C66F2F330948000AA255 /* crosskit-example-ios */;
			targetProxy = 35C4C6882F330949000AA255 /* PBXContainerItemProxy */;
		};
/* End PBXTargetDependency section */

/* Begin XCBuildConfiguration section */
		35C4C68F2F330949000AA255 /* Debug */ = {
			isa = XCBuildConfiguration;
			buildSettings = {
				ALWAYS_SEARCH_USER_PATHS = NO;
				ASSETCATALOG_COMPILER_GENERATE_SWIFT_ASSET_SYMBOL_EXTENSIONS = YES;
				CLANG_ANALYZER_NONNULL = YES;
				CLANG_ANALYZER_NUMBER_OBJECT_CONVERSION = YES_AGGRESSIVE;
				CLANG_CXX_LANGUAGE_STANDARD = "gnu++20";
				CLANG_ENABLE_MODULES = YES;
				CLANG_ENABLE_OBJC_ARC = YES;
				CLANG_ENABLE_OBJC_WEAK = YES;
				CLANG_WARN_BLOCK_CAPTURE_AUTORELEASING = YES;
				CLANG_WARN_BOOL_CONVERSION = YES;
				CLANG_WARN_COMMA = YES;
				CLANG_WARN_CONSTANT_CONVERSION = YES;
				CLANG_WARN_DEPRECATED_OBJC_IMPLEMENTATIONS = YES;
				CLANG_WARN_DIRECT_OBJC_ISA_USAGE = YES_ERROR;
				CLANG_WARN_DOCUMENTATION_COMMENTS = YES;
				CLANG_WARN_EMPTY_BODY = YES;
				CLANG_WARN_ENUM_CONVERSION = YES;
				CLANG_WARN_INFINITE_RECURSION = YES;
				CLANG_WARN_INT_CONVERSION = YES;
				CLANG_WARN_NON_LITERAL_NULL_CONVERSION = YES;
				CLANG_WARN_OBJC_IMPLICIT_RETAIN_SELF = YES;
				CLANG_WARN_OBJC_LITERAL_CONVERSION = YES;
				CLANG_WARN_OBJC_ROOT_CLASS = YES_ERROR;
				CLANG_WARN_QUOTED_INCLUDE_IN_FRAMEWORK_HEADER = YES;
				CLANG_WARN_RANGE_LOOP_ANALYSIS = YES;
				CLANG_WARN_STRICT_PROTOTYPES = YES;
				CLANG_WARN_SUSPICIOUS_MOVE = YES;
				CLANG_WARN_UNGUARDED_AVAILABILITY = YES_AGGRESSIVE;
				CLANG_WARN_UNREACHABLE_CODE = YES;
				CLANG_WARN__DUPLICATE_METHOD_MATCH = YES;
				COPY_PHASE_STRIP = NO;
				DEBUG_INFORMATION_FORMAT = dwarf;
				ENABLE_STRICT_OBJC_MSGSEND = YES;
				ENABLE_TESTABILITY = YES;
				ENABLE_USER_SCRIPT_SANDBOXING = YES;
				GCC_C_LANGUAGE_STANDARD = gnu17;
				GCC_DYNAMIC_NO_PIC = NO;
				GCC_NO_COMMON_BLOCKS = YES;
				GCC_OPTIMIZATION_LEVEL = 0;
				GCC_PREPROCESSOR_DEFINITIONS = (
					"DEBUG=1",
					"$(inherited)",
				);
				GCC_WARN_64_TO_32_BIT_CONVERSION = YES;
				GCC_WARN_ABOUT_RETURN_TYPE = YES_ERROR;
				GCC_WARN_UNDECLARED_SELECTOR = YES;
				GCC_WARN_UNINITIALIZED_AUTOS = YES_AGGRESSIVE;
				GCC_WARN_UNUSED_FUNCTION = YES;
				GCC_WARN_UNUSED_VARIABLE = YES;
				LOCALIZATION_PREFERS_STRING_CATALOGS = YES;
				MTL_ENABLE_DEBUG_INFO = INCLUDE_SOURCE;
				MTL_FAST_MATH = YES;
				ONLY_ACTIVE_ARCH = YES;
				SWIFT_ACTIVE_COMPILATION_CONDITIONS = "DEBUG $(inherited)";
				SWIFT_OPTIMIZATION_LEVEL = "-Onone";
			};
			name = Debug;
		};
		35C4C6902F330949000AA255 /* Release */ = {
			isa = XCBuildConfiguration;
			buildSettings = {
				ALWAYS_SEARCH_USER_PATHS = NO;
				ASSETCATALOG_COMPILER_GENERATE_SWIFT_ASSET_SYMBOL_EXTENSIONS = YES;
				CLANG_ANALYZER_NONNULL = YES;
				CLANG_ANALYZER_NUMBER_OBJECT_CONVERSION = YES_AGGRESSIVE;
				CLANG_CXX_LANGUAGE_STANDARD = "gnu++20";
				CLANG_ENABLE_MODULES = YES;
				CLANG_ENABLE_OBJC_ARC = YES;
				CLANG_ENABLE_OBJC_WEAK = YES;
				CLANG_WARN_BLOCK_CAPTURE_AUTORELEASING = YES;
				CLANG_WARN_BOOL_CONVERSION = YES;
				CLANG_WARN_COMMA = YES;
				CLANG_WARN_CONSTANT_CONVERSION = YES;
				CLANG_WARN_DEPRECATED_OBJC_IMPLEMENTATIONS = YES;
				CLANG_WARN_DIRECT_OBJC_ISA_USAGE = YES_ERROR;
				CLANG_WARN_DOCUMENTATION_COMMENTS = YES;
				CLANG_WARN_EMPTY_BODY = YES;
				CLANG_WARN_ENUM_CONVERSION = YES;
				CLANG_WARN_INFINITE_RECURSION = YES;
				CLANG_WARN_INT_CONVERSION = YES;
				CLANG_WARN_NON_LITERAL_NULL_CONVERSION = YES;
				CLANG_WARN_OBJC_IMPLICIT_RETAIN_SELF = YES;
				CLANG_WARN_OBJC_LITERAL_CONVERSION = YES;
				CLANG_WARN_OBJC_ROOT_CLASS = YES_ERROR;
				CLANG_WARN_QUOTED_INCLUDE_IN_FRAMEWORK_HEADER = YES;
				CLANG_WARN_RANGE_LOOP_ANALYSIS = YES;
				CLANG_WARN_STRICT_PROTOTYPES = YES;
				CLANG_WARN_SUSPICIOUS_MOVE = YES;
				CLANG_WARN_UNGUARDED_AVAILABILITY = YES_AGGRESSIVE;
				CLANG_WARN_UNREACHABLE_CODE = YES;
				CLANG_WARN__DUPLICATE_METHOD_MATCH = YES;
				COPY_PHASE_STRIP = NO;
				DEBUG_INFORMATION_FORMAT = "dwarf-with-dsym";
				ENABLE_NS_ASSERTIONS = NO;
				ENABLE_STRICT_OBJC_MSGSEND = YES;
				ENABLE_USER_SCRIPT_SANDBOXING = YES;
				GCC_C_LANGUAGE_STANDARD = gnu17;
				GCC_NO_COMMON_BLOCKS = YES;
				GCC_WARN_64_TO_32_BIT_CONVERSION = YES;
				GCC_WARN_ABOUT_RETURN_TYPE = YES_ERROR;
				GCC_WARN_UNDECLARED_SELECTOR = YES;
				GCC_WARN_UNINITIALIZED_AUTOS = YES_AGGRESSIVE;
				GCC_WARN_UNUSED_FUNCTION = YES;
				GCC_WARN_UNUSED_VARIABLE = YES;
				LOCALIZATION_PREFERS_STRING_CATALOGS = YES;
				MTL_ENABLE_DEBUG_INFO = NO;
				MTL_FAST_MATH = YES;
				SWIFT_COMPILATION_MODE = wholemodule;
			};
			name = Release;
		};
		35C4C6922F330949000AA255 /* Debug */ = {
			isa = XCBuildConfiguration;
			buildSettings = {
				ASSETCATALOG_COMPILER_APPICON_NAME = AppIcon;
				ASSETCATALOG_COMPILER_GLOBAL_ACCENT_COLOR_NAME = AccentColor;
				CODE_SIGN_STYLE = Automatic;
				CURRENT_PROJECT_VERSION = 1;
				ENABLE_APP_SANDBOX = YES;
				ENABLE_PREVIEWS = YES;
				ENABLE_USER_SELECTED_FILES = readonly;
				GENERATE_INFOPLIST_FILE = YES;
				"INFOPLIST_KEY_UIApplicationSceneManifest_Generation[sdk=iphoneos*]" = YES;
				"INFOPLIST_KEY_UIApplicationSceneManifest_Generation[sdk=iphonesimulator*]" = YES;
				"INFOPLIST_KEY_UIApplicationSupportsIndirectInputEvents[sdk=iphoneos*]" = YES;
				"INFOPLIST_KEY_UIApplicationSupportsIndirectInputEvents[sdk=iphonesimulator*]" = YES;
				"INFOPLIST_KEY_UILaunchScreen_Generation[sdk=iphoneos*]" = YES;
				"INFOPLIST_KEY_UILaunchScreen_Generation[sdk=iphonesimulator*]" = YES;
				"INFOPLIST_KEY_UIStatusBarStyle[sdk=iphoneos*]" = UIStatusBarStyleDefault;
				"INFOPLIST_KEY_UIStatusBarStyle[sdk=iphonesimulator*]" = UIStatusBarStyleDefault;
				INFOPLIST_KEY_UISupportedInterfaceOrientations_iPad = "UIInterfaceOrientationPortrait UIInterfaceOrientationPortraitUpsideDown UIInterfaceOrientationLandscapeLeft UIInterfaceOrientationLandscapeRight";
				INFOPLIST_KEY_UISupportedInterfaceOrientations_iPhone = "UIInterfaceOrientationPortrait UIInterfaceOrientationLandscapeLeft UIInterfaceOrientationLandscapeRight";
				IPHONEOS_DEPLOYMENT_TARGET = 26.0;
				LD_RUNPATH_SEARCH_PATHS = "@executable_path/Frameworks";
				"LD_RUNPATH_SEARCH_PATHS[sdk=macosx*]" = "@executable_path/../Frameworks";
				MACOSX_DEPLOYMENT_TARGET = 26.0;
				MARKETING_VERSION = 1.0;
				PRODUCT_BUNDLE_IDENTIFIER = "crosskit.crosskit-example-ios";
				PRODUCT_NAME = "$(TARGET_NAME)";
				REGISTER_APP_GROUPS = YES;
				SDKROOT = auto;
				STRING_CATALOG_GENERATE_SYMBOLS = YES;
				SUPPORTED_PLATFORMS = "iphoneos iphonesimulator macosx xros xrsimulator";
				SWIFT_APPROACHABLE_CONCURRENCY = YES;
				SWIFT_DEFAULT_ACTOR_ISOLATION = MainActor;
				SWIFT_EMIT_LOC_STRINGS = YES;
				SWIFT_UPCOMING_FEATURE_MEMBER_IMPORT_VISIBILITY = YES;
				SWIFT_VERSION = 5.0;
				TARGETED_DEVICE_FAMILY = "1,2,7";
				XROS_DEPLOYMENT_TARGET = 26.0;
			};
			name = Debug;
		};
		35C4C6932F330949000AA255 /* Release */ = {
			isa = XCBuildConfiguration;
			buildSettings = {
				ASSETCATALOG_COMPILER_APPICON_NAME = AppIcon;
				ASSETCATALOG_COMPILER_GLOBAL_ACCENT_COLOR_NAME = AccentColor;
				CODE_SIGN_STYLE = Automatic;
				CURRENT_PROJECT_VERSION = 1;
				ENABLE_APP_SANDBOX = YES;
				ENABLE_PREVIEWS = YES;
				ENABLE_USER_SELECTED_FILES = readonly;
				GENERATE_INFOPLIST_FILE = YES;
				"INFOPLIST_KEY_UIApplicationSceneManifest_Generation[sdk=iphoneos*]" = YES;
				"INFOPLIST_KEY_UIApplicationSceneManifest_Generation[sdk=iphonesimulator*]" = YES;
				"INFOPLIST_KEY_UIApplicationSupportsIndirectInputEvents[sdk=iphoneos*]" = YES;
				"INFOPLIST_KEY_UIApplicationSupportsIndirectInputEvents[sdk=iphonesimulator*]" = YES;
				"INFOPLIST_KEY_UILaunchScreen_Generation[sdk=iphoneos*]" = YES;
				"INFOPLIST_KEY_UILaunchScreen_Generation[sdk=iphonesimulator*]" = YES;
				"INFOPLIST_KEY_UIStatusBarStyle[sdk=iphoneos*]" = UIStatusBarStyleDefault;
				"INFOPLIST_KEY_UIStatusBarStyle[sdk=iphonesimulator*]" = UIStatusBarStyleDefault;
				INFOPLIST_KEY_UISupportedInterfaceOrientations_iPad = "UIInterfaceOrientationPortrait UIInterfaceOrientationPortraitUpsideDown UIInterfaceOrientationLandscapeLeft UIInterfaceOrientationLandscapeRight";
				INFOPLIST_KEY_UISupportedInterfaceOrientations_iPhone = "UIInterfaceOrientationPortrait UIInterfaceOrientationLandscapeLeft UIInterfaceOrientationLandscapeRight";
				IPHONEOS_DEPLOYMENT_TARGET = 26.0;
				LD_RUNPATH_SEARCH_PATHS = "@executable_path/Frameworks";
				"LD_RUNPATH_SEARCH_PATHS[sdk=macosx*]" = "@executable_path/../Frameworks";
				MACOSX_DEPLOYMENT_TARGET = 26.0;
				MARKETING_VERSION = 1.0;
				PRODUCT_BUNDLE_IDENTIFIER = "crosskit.crosskit-example-ios";
				PRODUCT_NAME = "$(TARGET_NAME)";
				REGISTER_APP_GROUPS = YES;
				SDKROOT = auto;
				STRING_CATALOG_GENERATE_SYMBOLS = YES;
				SUPPORTED_PLATFORMS = "iphoneos iphonesimulator macosx xros xrsimulator";
				SWIFT_APPROACHABLE_CONCURRENCY = YES;
				SWIFT_DEFAULT_ACTOR_ISOLATION = MainActor;
				SWIFT_EMIT_LOC_STRINGS = YES;
				SWIFT_UPCOMING_FEATURE_MEMBER_IMPORT_VISIBILITY = YES;
				SWIFT_VERSION = 5.0;
				TARGETED_DEVICE_FAMILY = "1,2,7";
				XROS_DEPLOYMENT_TARGET = 26.0;
			};
			name = Release;
		};
		35C4C6952F330949000AA255 /* Debug */ = {
			isa = XCBuildConfiguration;
			buildSettings = {
				BUNDLE_LOADER = "$(TEST_HOST)";
				CODE_SIGN_STYLE = Automatic;
				CURRENT_PROJECT_VERSION = 1;
				GENERATE_INFOPLIST_FILE = YES;
				IPHONEOS_DEPLOYMENT_TARGET = 26.0;
				MACOSX_DEPLOYMENT_TARGET = 26.0;
				MARKETING_VERSION = 1.0;
				PRODUCT_BUNDLE_IDENTIFIER = "crosskit.crosskit-example-iosTests";
				PRODUCT_NAME = "$(TARGET_NAME)";
				SDKROOT = auto;
				STRING_CATALOG_GENERATE_SYMBOLS = NO;
				SUPPORTED_PLATFORMS = "iphoneos iphonesimulator macosx xros xrsimulator";
				SWIFT_APPROACHABLE_CONCURRENCY = YES;
				SWIFT_EMIT_LOC_STRINGS = NO;
				SWIFT_UPCOMING_FEATURE_MEMBER_IMPORT_VISIBILITY = YES;
				SWIFT_VERSION = 5.0;
				TARGETED_DEVICE_FAMILY = "1,2,7";
				TEST_HOST = "$(BUILT_PRODUCTS_DIR)/crosskit-example-ios.app/$(BUNDLE_EXECUTABLE_FOLDER_PATH)/crosskit-example-ios";
				XROS_DEPLOYMENT_TARGET = 26.0;
			};
			name = Debug;
		};
		35C4C6962F330949000AA255 /* Release */ = {
			isa = XCBuildConfiguration;
			buildSettings = {
				BUNDLE_LOADER = "$(TEST_HOST)";
				CODE_SIGN_STYLE = Automatic;
				CURRENT_PROJECT_VERSION = 1;
				GENERATE_INFOPLIST_FILE = YES;
				IPHONEOS_DEPLOYMENT_TARGET = 26.0;
				MACOSX_DEPLOYMENT_TARGET = 26.0;
				MARKETING_VERSION = 1.0;
				PRODUCT_BUNDLE_IDENTIFIER = "crosskit.crosskit-example-iosTests";
				PRODUCT_NAME = "$(TARGET_NAME)";
				SDKROOT = auto;
				STRING_CATALOG_GENERATE_SYMBOLS = NO;
				SUPPORTED_PLATFORMS = "iphoneos iphonesimulator macosx xros xrsimulator";
				SWIFT_APPROACHABLE_CONCURRENCY = YES;
				SWIFT_EMIT_LOC_STRINGS = NO;
				SWIFT_UPCOMING_FEATURE_MEMBER_IMPORT_VISIBILITY = YES;
				SWIFT_VERSION = 5.0;
				TARGETED_DEVICE_FAMILY = "1,2,7";
				TEST_HOST = "$(BUILT_PRODUCTS_DIR)/crosskit-example-ios.app/$(BUNDLE_EXECUTABLE_FOLDER_PATH)/crosskit-example-ios";
				XROS_DEPLOYMENT_TARGET = 26.0;
			};
			name = Release;
		};
		35C4C6982F330949000AA255 /* Debug */ = {
			isa = XCBuildConfiguration;
			buildSettings = {
				CODE_SIGN_STYLE = Automatic;
				CURRENT_PROJECT_VERSION = 1;
				GENERATE_INFOPLIST_FILE = YES;
				IPHONEOS_DEPLOYMENT_TARGET = 26.0;
				MACOSX_DEPLOYMENT_TARGET = 26.0;
				MARKETING_VERSION = 1.0;
				PRODUCT_BUNDLE_IDENTIFIER = "crosskit.crosskit-example-iosUITests";
				PRODUCT_NAME = "$(TARGET_NAME)";
				SDKROOT = auto;
				STRING_CATALOG_GENERATE_SYMBOLS = NO;
				SUPPORTED_PLATFORMS = "iphoneos iphonesimulator macosx xros xrsimulator";
				SWIFT_APPROACHABLE_CONCURRENCY = YES;
				SWIFT_EMIT_LOC_STRINGS = NO;
				SWIFT_UPCOMING_FEATURE_MEMBER_IMPORT_VISIBILITY = YES;
				SWIFT_VERSION = 5.0;
				TARGETED_DEVICE_FAMILY = "1,2,7";
				TEST_TARGET_NAME = "crosskit-example-ios";
				XROS_DEPLOYMENT_TARGET = 26.0;
			};
			name = Debug;
		};
		35C4C6992F330949000AA255 /* Release */ = {
			isa = XCBuildConfiguration;
			buildSettings = {
				CODE_SIGN_STYLE = Automatic;
				CURRENT_PROJECT_VERSION = 1;
				GENERATE_INFOPLIST_FILE = YES;
				IPHONEOS_DEPLOYMENT_TARGET = 26.0;
				MACOSX_DEPLOYMENT_TARGET = 26.0;
				MARKETING_VERSION = 1.0;
				PRODUCT_BUNDLE_IDENTIFIER = "crosskit.crosskit-example-iosUITests";
				PRODUCT_NAME = "$(TARGET_NAME)";
				SDKROOT = auto;
				STRING_CATALOG_GENERATE_SYMBOLS = NO;
				SUPPORTED_PLATFORMS = "iphoneos iphonesimulator macosx xros xrsimulator";
				SWIFT_APPROACHABLE_CONCURRENCY = YES;
				SWIFT_EMIT_LOC_STRINGS = NO;
				SWIFT_UPCOMING_FEATURE_MEMBER_IMPORT_VISIBILITY = YES;
				SWIFT_VERSION = 5.0;
				TARGETED_DEVICE_FAMILY = "1,2,7";
				TEST_TARGET_NAME = "crosskit-example-ios";
				XROS_DEPLOYMENT_TARGET = 26.0;
			};
			name = Release;
		};
/* End XCBuildConfiguration section */

/* Begin XCConfigurationList section */
		35C4C66B2F330948000AA255 /* Build configuration list for PBXProject "crosskit-example-ios" */ = {
			isa = XCConfigurationList;
			buildConfigurations = (
				35C4C68F2F330949000AA255 /* Debug */,
				35C4C6902F330949000AA255 /* Release */,
			);
			defaultConfigurationIsVisible = 0;
			defaultConfigurationName = Release;
		};
		35C4C6912F330949000AA255 /* Build configuration list for PBXNativeTarget "crosskit-example-ios" */ = {
			isa = XCConfigurationList;
			buildConfigurations = (
				35C4C6922F330949000AA255 /* Debug */,
				35C4C6932F330949000AA255 /* Release */,
			);
			defaultConfigurationIsVisible = 0;
			defaultConfigurationName = Release;
		};
		35C4C6942F330949000AA255 /* Build configuration list for PBXNativeTarget "crosskit-example-iosTests" */ = {
			isa = XCConfigurationList;
			buildConfigurations = (
				35C4C6952F330949000AA255 /* Debug */,
				35C4C6962F330949000AA255 /* Release */,
			);
			defaultConfigurationIsVisible = 0;
			defaultConfigurationName = Release;
		};
		35C4C6972F330949000AA255 /* Build configuration list for PBXNativeTarget "crosskit-example-iosUITests" */ = {
			isa = XCConfigurationList;
			buildConfigurations = (
				35C4C6982F330949000AA255 /* Debug */,
				35C4C6992F330949000AA255 /* Release */,
			);
			defaultConfigurationIsVisible = 0;
			defaultConfigurationName = Release;
		};
/* End XCConfigurationList section */

/* Begin XCLocalSwiftPackageReference section */
		A6B4DAA0E99841429994D542 /* XCLocalSwiftPackageReference "../shared/dist/CrossKitShared" */ = {
			isa = XCLocalSwiftPackageReference;
			relativePath = ../shared/dist/CrossKitShared;
		};
/* End XCLocalSwiftPackageReference section */

/* Begin XCSwiftPackageProductDependency section */
		096B069ED51F453DB4437D21 /* CrossKitShared */ = {
			isa = XCSwiftPackageProductDependency;
			package = A6B4DAA0E99841429994D542 /* XCLocalSwiftPackageReference "../shared/dist/CrossKitShared" */;
			productName = CrossKitShared;
		};
/* End XCSwiftPackageProductDependency section */
	};
	rootObject = 35C4C6682F330948000AA255 /* Project object */;
}
